
Microsoft Visual Studio Solution File, Format Version 12.00
Project("{FAE04EC0-301F-11D3-BF4B-00C04F79EFBC}") = "LeetCode", "LeetCode\LeetCode.csproj", "{2039F717-B34C-4D5C-B216-440B9F399925}"
EndProject
Global
	GlobalSection(SolutionConfigurationPlatforms) = preSolution
		Debug|Any CPU = Debug|Any CPU
		Release|Any CPU = Release|Any CPU
	EndGlobalSection
	GlobalSection(ProjectConfigurationPlatforms) = postSolution
		{2039F717-B34C-4D5C-B216-440B9F399925}.Debug|Any CPU.ActiveCfg = Debug|Any CPU
		{2039F717-B34C-4D5C-B216-440B9F399925}.Debug|Any CPU.Build.0 = Debug|Any CPU
		{2039F717-B34C-4D5C-B216-440B9F399925}.Release|Any CPU.ActiveCfg = Release|Any CPU
		{2039F717-B34C-4D5C-B216-440B9F399925}.Release|Any CPU.Build.0 = Release|Any CPU
	EndGlobalSection
EndGlobal
